// !$*UTF8*$!
{
	archiveVersion = 1;
	classes = {
	};
	objectVersion = 46;
	objects = {

/* Begin PBXBuildFile section */
		DEBCA1CD1F796F17000F1E1D /* AppDelegate.swift in Sources */ = {isa = PBXBuildFile; fileRef = DEBCA1CC1F796F17000F1E1D /* AppDelegate.swift */; };
		DEBCA1CF1F796F17000F1E1D /* ViewController.swift in Sources */ = {isa = PBXBuildFile; fileRef = DEBCA1CE1F796F17000F1E1D /* ViewController.swift */; };
		DEBCA1D21F796F17000F1E1D /* Main.storyboard in Resources */ = {isa = PBXBuildFile; fileRef = DEBCA1D01F796F17000F1E1D /* Main.storyboard */; };
		DEBCA1D41F796F17000F1E1D /* Assets.xcassets in Resources */ = {isa = PBXBuildFile; fileRef = DEBCA1D31F796F17000F1E1D /* Assets.xcassets */; };
		DEBCA1D71F796F17000F1E1D /* LaunchScreen.storyboard in Resources */ = {isa = PBXBuildFile; fileRef = DEBCA1D51F796F17000F1E1D /* LaunchScreen.storyboard */; };
/* End PBXBuildFile section */

/* Begin PBXFileReference section */
		DEBCA1C91F796F17000F1E1D /* InspireMe.app */ = {isa = PBXFileReference; explicitFileType = wrapper.application; includeInIndex = 0; path = InspireMe.app; sourceTree = BUILT_PRODUCTS_DIR; };
		DEBCA1CC1F796F17000F1E1D /* AppDelegate.swift */ = {isa = PBXFileReference; lastKnownFileType = sourcecode.swift; path = AppDelegate.swift; sourceTree = "<group>"; };
		DEBCA1CE1F796F17000F1E1D /* ViewController.swift */ = {isa = PBXFileReference; lastKnownFileType = sourcecode.swift; path = ViewController.swift; sourceTree = "<group>"; };
		DEBCA1D11F796F17000F1E1D /* Base */ = {isa = PBXFileReference; lastKnownFileType = file.storyboard; name = Base; path = Base.lproj/Main.storyboard; sourceTree = "<group>"; };
		DEBCA1D31F796F17000F1E1D /* Assets.xcassets */ = {isa = PBXFileReference; lastKnownFileType = folder.assetcatalog; path = Assets.xcassets; sourceTree = "<group>"; };
		DEBCA1D61F796F17000F1E1D /* Base */ = {isa = PBXFileReference; lastKnownFileType = file.storyboard; name = Base; path = Base.lproj/LaunchScreen.storyboard; sourceTree = "<group>"; };
		DEBCA1D81F796F17000F1E1D /* Info.plist */ = {isa = PBXFileReference; lastKnownFileType = text.plist.xml; path = Info.plist; sourceTree = "<group>"; };
/* End PBXFileReference section */

/* Begin PBXFrameworksBuildPhase section */
		DEBCA1C61F796F17000F1E1D /* Frameworks */ = {
			isa = PBXFrameworksBuildPhase;
			buildActionMask = 2147483647;
			files = (
			);
			runOnlyForDeploymentPostprocessing = 0;
		};
/* End PBXFrameworksBuildPhase section */

/* Begin PBXGroup section */
		DEBCA1C01F796F17000F1E1D = {
			isa = PBXGroup;
			children = (
				DEBCA1CB1F796F17000F1E1D /* InspireMe */,
				DEBCA1CA1F796F17000F1E1D /* Products */,
			);
			sourceTree = "<group>";
		};
		DEBCA1CA1F796F17000F1E1D /* Products */ = {
			isa = PBXGroup;
			children = (
				DEBCA1C91F796F17000F1E1D /* InspireMe.app */,
			);
			name = Products;
			sourceTree = "<group>";
		};
		DEBCA1CB1F796F17000F1E1D /* InspireMe */ = {
			isa = PBXGroup;
			children = (
				DEBCA1CC1F796F17000F1E1D /* AppDelegate.swift */,
				DEBCA1CE1F796F17000F1E1D /* ViewController.swift */,
				DEBCA1D01F796F17000F1E1D /* Main.storyboard */,
				DEBCA1D31F796F17000F1E1D /* Assets.xcassets */,
				DEBCA1D51F796F17000F1E1D /* LaunchScreen.storyboard */,
				DEBCA1D81F796F17000F1E1D /* Info.plist */,
			);
			path = InspireMe;
			sourceTree = "<group>";
		};
/* End PBXGroup section */

/* Begin PBXNativeTarget section */
		DEBCA1C81F796F17000F1E1D /* InspireMe */ = {
			isa = PBXNativeTarget;
			buildConfigurationList = DEBCA1DB1F796F17000F1E1D /* Build configuration list for PBXNativeTarget "InspireMe" */;
			buildPhases = (
				DEBCA1C51F796F17000F1E1D /* Sources */,
				DEBCA1C61F796F17000F1E1D /* Frameworks */,
				DEBCA1C71F796F17000F1E1D /* Resources */,
			);
			buildRules = (
			);
			dependencies = (
			);
			name = InspireMe;
			productName = InspireMe;
			productReference = DEBCA1C91F796F17000F1E1D /* InspireMe.app */;
			productType = "com.apple.product-type.application";
		};
/* End PBXNativeTarget section */

/* Begin PBXProject section */
		DEBCA1C11F796F17000F1E1D /* Project object */ = {
			isa = PBXProject;
			attributes = {
				LastSwiftUpdateCheck = 0830;
				LastUpgradeCheck = 0830;
				ORGANIZATIONNAME = Bespokino;
				TargetAttributes = {
					DEBCA1C81F796F17000F1E1D = {
						CreatedOnToolsVersion = 8.3.3;
						ProvisioningStyle = Automatic;
					};
				};
			};
			buildConfigurationList = DEBCA1C41F796F17000F1E1D /* Build configuration list for PBXProject "InspireMe" */;
			compatibilityVersion = "Xcode 3.2";
			developmentRegion = English;
			hasScannedForEncodings = 0;
			knownRegions = (
				en,
				Base,
			);
			mainGroup = DEBCA1C01F796F17000F1E1D;
			productRefGroup = DEBCA1CA1F796F17000F1E1D /* Products */;
			projectDirPath = "";
			projectRoot = "";
			targets = (
				DEBCA1C81F796F17000F1E1D /* InspireMe */,
			);
		};
/* End PBXProject section */

/* Begin PBXResourcesBuildPhase section */
		DEBCA1C71F796F17000F1E1D /* Resources */ = {
			isa = PBXResourcesBuildPhase;
			buildActionMask = 2147483647;
			files = (
				DEBCA1D71F796F17000F1E1D /* LaunchScreen.storyboard in Resources */,
				DEBCA1D41F796F17000F1E1D /* Assets.xcassets in Resources */,
				DEBCA1D21F796F17000F1E1D /* Main.storyboard in Resources */,
			);
			runOnlyForDeploymentPostprocessing = 0;
		};
/* End PBXResourcesBuildPhase section */

/* Begin PBXSourcesBuildPhase section */
		DEBCA1C51F796F17000F1E1D /* Sources */ = {
			isa = PBXSourcesBuildPhase;
			buildActionMask = 2147483647;
			files = (
				DEBCA1CF1F796F17000F1E1D /* ViewController.swift in Sources */,
				DEBCA1CD1F796F17000F1E1D /* AppDelegate.swift in Sources */,
			);
			runOnlyForDeploymentPostprocessing = 0;
		};
/* End PBXSourcesBuildPhase section */

/* Begin PBXVariantGroup section */
		DEBCA1D01F796F17000F1E1D /* Main.storyboard */ = {
			isa = PBXVariantGroup;
			children = (
				DEBCA1D11F796F17000F1E1D /* Base */,
			);
			name = Main.storyboard;
			sourceTree = "<group>";
		};
		DEBCA1D51F796F17000F1E1D /* LaunchScreen.storyboard */ = {
			isa = PBXVariantGroup;
			children = (
				DEBCA1D61F796F17000F1E1D /* Base */,
			);
			name = LaunchScreen.storyboard;
			sourceTree = "<group>";
		};
/* End PBXVariantGroup section */

/* Begin XCBuildConfiguration section */
		DEBCA1D91F796F17000F1E1D /* Debug */ = {
			isa = XCBuildConfiguration;
			buildSettings = {
				ALWAYS_SEARCH_USER_PATHS = NO;
				CLANG_ANALYZER_NONNULL = YES;
				CLANG_ANALYZER_NUMBER_OBJECT_CONVERSION = YES_AGGRESSIVE;
				CLANG_CXX_LANGUAGE_STANDARD = "gnu++0x";
				CLANG_CXX_LIBRARY = "libc++";
				CLANG_ENABLE_MODULES = YES;
				CLANG_ENABLE_OBJC_ARC = YES;
				CLANG_WARN_BOOL_CONVERSION = YES;
				CLANG_WARN_CONSTANT_CONVERSION = YES;
				CLANG_WARN_DIRECT_OBJC_ISA_USAGE = YES_ERROR;
				CLANG_WARN_DOCUMENTATION_COMMENTS = YES;
				CLANG_WARN_EMPTY_BODY = YES;
				CLANG_WARN_ENUM_CONVERSION = YES;
				CLANG_WARN_INFINITE_RECURSION = YES;
				CLANG_WARN_INT_CONVERSION = YES;
				CLANG_WARN_OBJC_ROOT_CLASS = YES_ERROR;
				CLANG_WARN_SUSPICIOUS_MOVE = YES;
				CLANG_WARN_UNREACHABLE_CODE = YES;
				CLANG_WARN__DUPLICATE_METHOD_MATCH = YES;
				"CODE_SIGN_IDENTITY[sdk=iphoneos*]" = "iPhone Developer";
				COPY_PHASE_STRIP = NO;
				DEBUG_INFORMATION_FORMAT = dwarf;
				ENABLE_STRICT_OBJC_MSGSEND = YES;
				ENABLE_TESTABILITY = YES;
				GCC_C_LANGUAGE_STANDARD = gnu99;
				GCC_DYNAMIC_NO_PIC = NO;
				GCC_NO_COMMON_BLOCKS = YES;
				GCC_OPTIMIZATION_LEVEL = 0;
				GCC_PREPROCESSOR_DEFINITIONS = (
					"DEBUG=1",
					"$(inherited)",
				);
				GCC_WARN_64_TO_32_BIT_CONVERSION = YES;
				GCC_WARN_ABOUT_RETURN_TYPE = YES_ERROR;
				GCC_WARN_UNDECLARED_SELECTOR = YES;
				GCC_WARN_UNINITIALIZED_AUTOS = YES_AGGRESSIVE;
				GCC_WARN_UNUSED_FUNCTION = YES;
				GCC_WARN_UNUSED_VARIABLE = YES;
				IPHONEOS_DEPLOYMENT_TARGET = 10.3;
				MTL_ENABLE_DEBUG_INFO = YES;
				ONLY_ACTIVE_ARCH = YES;
				SDKROOT = iphoneos;
				SWIFT_ACTIVE_COMPILATION_CONDITIONS = DEBUG;
				SWIFT_OPTIMIZATION_LEVEL = "-Onone";
				TARGETED_DEVICE_FAMILY = "1,2";
			};
			name = Debug;
		};
		DEBCA1DA1F796F17000F1E1D /* Release */ = {
			isa = XCBuildConfiguration;
			buildSettings = {
				ALWAYS_SEARCH_USER_PATHS = NO;
				CLANG_ANALYZER_NONNULL = YES;
				CLANG_ANALYZER_NUMBER_OBJECT_CONVERSION = YES_AGGRESSIVE;
				CLANG_CXX_LANGUAGE_STANDARD = "gnu++0x";
				CLANG_CXX_LIBRARY = "libc++";
				CLANG_ENABLE_MODULES = YES;
				CLANG_ENABLE_OBJC_ARC = YES;
				CLANG_WARN_BOOL_CONVERSION = YES;
				CLANG_WARN_CONSTANT_CONVERSION = YES;
				CLANG_WARN_DIRECT_OBJC_ISA_USAGE = YES_ERROR;
				CLANG_WARN_DOCUMENTATION_COMMENTS = YES;
				CLANG_WARN_EMPTY_BODY = YES;
				CLANG_WARN_ENUM_CONVERSION = YES;
				CLANG_WARN_INFINITE_RECURSION = YES;
				CLANG_WARN_INT_CONVERSION = YES;
				CLANG_WARN_OBJC_ROOT_CLASS = YES_ERROR;
				CLANG_WARN_SUSPICIOUS_MOVE = YES;
				CLANG_WARN_UNREACHABLE_CODE = YES;
				CLANG_WARN__DUPLICATE_METHOD_MATCH = YES;
				"CODE_SIGN_IDENTITY[sdk=iphoneos*]" = "iPhone Developer";
				COPY_PHASE_STRIP = NO;
				DEBUG_INFORMATION_FORMAT = "dwarf-with-dsym";
				ENABLE_NS_ASSERTIONS = NO;
				ENABLE_STRICT_OBJC_MSGSEND = YES;
				GCC_C_LANGUAGE_STANDARD = gnu99;
				GCC_NO_COMMON_BLOCKS = YES;
				GCC_WARN_64_TO_32_BIT_CONVERSION = YES;
				GCC_WARN_ABOUT_RETURN_TYPE = YES_ERROR;
				GCC_WARN_UNDECLARED_SELECTOR = YES;
				GCC_WARN_UNINITIALIZED_AUTOS = YES_AGGRESSIVE;
				GCC_WARN_UNUSED_FUNCTION = YES;
				GCC_WARN_UNUSED_VARIABLE = YES;
				IPHONEOS_DEPLOYMENT_TARGET = 10.3;
				MTL_ENABLE_DEBUG_INFO = NO;
				SDKROOT = iphoneos;
				SWIFT_OPTIMIZATION_LEVEL = "-Owholemodule";
				TARGETED_DEVICE_FAMILY = "1,2";
				VALIDATE_PRODUCT = YES;
			};
			name = Release;
		};
		DEBCA1DC1F796F17000F1E1D /* Debug */ = {
			isa = XCBuildConfiguration;
			buildSettings = {
				ASSETCATALOG_COMPILER_APPICON_NAME = AppIcon;
				INFOPLIST_FILE = InspireMe/Info.plist;
				LD_RUNPATH_SEARCH_PATHS = "$(inherited) @executable_path/Frameworks";
				PRODUCT_BUNDLE_IDENTIFIER = com.app.InspireMe;
				PRODUCT_NAME = "$(TARGET_NAME)";
				SWIFT_VERSION = 3.0;
			};
			name = Debug;
		};
		DEBCA1DD1F796F17000F1E1D /* Release */ = {
			isa = XCBuildConfiguration;
			buildSettings = {
				ASSETCATALOG_COMPILER_APPICON_NAME = AppIcon;
				INFOPLIST_FILE = InspireMe/Info.plist;
				LD_RUNPATH_SEARCH_PATHS = "$(inherited) @executable_path/Frameworks";
				PRODUCT_BUNDLE_IDENTIFIER = com.app.InspireMe;
				PRODUCT_NAME = "$(TARGET_NAME)";
				SWIFT_VERSION = 3.0;
			};
			name = Release;
		};
/* End XCBuildConfiguration section */

/* Begin XCConfigurationList section */
		DEBCA1C41F796F17000F1E1D /* Build configuration list for PBXProject "InspireMe" */ = {
			isa = XCConfigurationList;
			buildConfigurations = (
				DEBCA1D91F796F17000F1E1D /* Debug */,
				DEBCA1DA1F796F17000F1E1D /* Release */,
			);
			defaultConfigurationIsVisible = 0;
			defaultConfigurationName = Release;
		};
		DEBCA1DB1F796F17000F1E1D /* Build configuration list for PBXNativeTarget "InspireMe" */ = {
			isa = XCConfigurationList;
			buildConfigurations = (
				DEBCA1DC1F796F17000F1E1D /* Debug */,
				DEBCA1DD1F796F17000F1E1D /* Release */,
			);
			defaultConfigurationIsVisible = 0;
		};
/* End XCConfigurationList section */
	};
	rootObject = DEBCA1C11F796F17000F1E1D /* Project object */;
}
